// !$*UTF8*$!
{
	archiveVersion = 1;
	classes = {
	};
	objectVersion = 56;
	objects = {

/* Begin PBXBuildFile section */
		6328918E2A5C0C0000BED0C6 /* SamvadanamApp.swift in Sources */ = {isa = PBXBuildFile; fileRef = 6328918D2A5C0C0000BED0C6 /* SamvadanamApp.swift */; };
		632891902A5C0C0000BED0C6 /* ContentView.swift in Sources */ = {isa = PBXBuildFile; fileRef = 6328918F2A5C0C0000BED0C6 /* ContentView.swift */; };
		632891922A5C0C0100BED0C6 /* Assets.xcassets in Resources */ = {isa = PBXBuildFile; fileRef = 632891912A5C0C0100BED0C6 /* Assets.xcassets */; };
		632891952A5C0C0100BED0C6 /* Preview Assets.xcassets in Resources */ = {isa = PBXBuildFile; fileRef = 632891942A5C0C0100BED0C6 /* Preview Assets.xcassets */; };
		6328919F2A5C0C0100BED0C6 /* SamvadanamTests.swift in Sources */ = {isa = PBXBuildFile; fileRef = 6328919E2A5C0C0100BED0C6 /* SamvadanamTests.swift */; };
		632891A92A5C0C0100BED0C6 /* SamvadanamUITests.swift in Sources */ = {isa = PBXBuildFile; fileRef = 632891A82A5C0C0100BED0C6 /* SamvadanamUITests.swift */; };
		632891AB2A5C0C0100BED0C6 /* SamvadanamUITestsLaunchTests.swift in Sources */ = {isa = PBXBuildFile; fileRef = 632891AA2A5C0C0100BED0C6 /* SamvadanamUITestsLaunchTests.swift */; };
/* End PBXBuildFile section */

/* Begin PBXContainerItemProxy section */
		6328919B2A5C0C0100BED0C6 /* PBXContainerItemProxy */ = {
			isa = PBXContainerItemProxy;
			containerPortal = 632891822A5C0C0000BED0C6 /* Project object */;
			proxyType = 1;
			remoteGlobalIDString = 632891892A5C0C0000BED0C6;
			remoteInfo = Samvadanam;
		};
		632891A52A5C0C0100BED0C6 /* PBXContainerItemProxy */ = {
			isa = PBXContainerItemProxy;
			containerPortal = 632891822A5C0C0000BED0C6 /* Project object */;
			proxyType = 1;
			remoteGlobalIDString = 632891892A5C0C0000BED0C6;
			remoteInfo = Samvadanam;
		};
/* End PBXContainerItemProxy section */

/* Begin PBXFileReference section */
		6328918A2A5C0C0000BED0C6 /* Samvadanam.app */ = {isa = PBXFileReference; explicitFileType = wrapper.application; includeInIndex = 0; path = Samvadanam.app; sourceTree = BUILT_PRODUCTS_DIR; };
		6328918D2A5C0C0000BED0C6 /* SamvadanamApp.swift */ = {isa = PBXFileReference; lastKnownFileType = sourcecode.swift; path = SamvadanamApp.swift; sourceTree = "<group>"; };
		6328918F2A5C0C0000BED0C6 /* ContentView.swift */ = {isa = PBXFileReference; lastKnownFileType = sourcecode.swift; path = ContentView.swift; sourceTree = "<group>"; };
		632891912A5C0C0100BED0C6 /* Assets.xcassets */ = {isa = PBXFileReference; lastKnownFileType = folder.assetcatalog; path = Assets.xcassets; sourceTree = "<group>"; };
		632891942A5C0C0100BED0C6 /* Preview Assets.xcassets */ = {isa = PBXFileReference; lastKnownFileType = folder.assetcatalog; path = "Preview Assets.xcassets"; sourceTree = "<group>"; };
		6328919A2A5C0C0100BED0C6 /* SamvadanamTests.xctest */ = {isa = PBXFileReference; explicitFileType = wrapper.cfbundle; includeInIndex = 0; path = SamvadanamTests.xctest; sourceTree = BUILT_PRODUCTS_DIR; };
		6328919E2A5C0C0100BED0C6 /* SamvadanamTests.swift */ = {isa = PBXFileReference; lastKnownFileType = sourcecode.swift; path = SamvadanamTests.swift; sourceTree = "<group>"; };
		632891A42A5C0C0100BED0C6 /* SamvadanamUITests.xctest */ = {isa = PBXFileReference; explicitFileType = wrapper.cfbundle; includeInIndex = 0; path = SamvadanamUITests.xctest; sourceTree = BUILT_PRODUCTS_DIR; };
		632891A82A5C0C0100BED0C6 /* SamvadanamUITests.swift */ = {isa = PBXFileReference; lastKnownFileType = sourcecode.swift; path = SamvadanamUITests.swift; sourceTree = "<group>"; };
		632891AA2A5C0C0100BED0C6 /* SamvadanamUITestsLaunchTests.swift */ = {isa = PBXFileReference; lastKnownFileType = sourcecode.swift; path = SamvadanamUITestsLaunchTests.swift; sourceTree = "<group>"; };
/* End PBXFileReference section */

/* Begin PBXFrameworksBuildPhase section */
		632891872A5C0C0000BED0C6 /* Frameworks */ = {
			isa = PBXFrameworksBuildPhase;
			buildActionMask = 2147483647;
			files = (
			);
			runOnlyForDeploymentPostprocessing = 0;
		};
		632891972A5C0C0100BED0C6 /* Frameworks */ = {
			isa = PBXFrameworksBuildPhase;
			buildActionMask = 2147483647;
			files = (
			);
			runOnlyForDeploymentPostprocessing = 0;
		};
		632891A12A5C0C0100BED0C6 /* Frameworks */ = {
			isa = PBXFrameworksBuildPhase;
			buildActionMask = 2147483647;
			files = (
			);
			runOnlyForDeploymentPostprocessing = 0;
		};
/* End PBXFrameworksBuildPhase section */

/* Begin PBXGroup section */
		632891812A5C0C0000BED0C6 = {
			isa = PBXGroup;
			children = (
				6328918C2A5C0C0000BED0C6 /* Samvadanam */,
				6328919D2A5C0C0100BED0C6 /* SamvadanamTests */,
				632891A72A5C0C0100BED0C6 /* SamvadanamUITests */,
				6328918B2A5C0C0000BED0C6 /* Products */,
			);
			sourceTree = "<group>";
		};
		6328918B2A5C0C0000BED0C6 /* Products */ = {
			isa = PBXGroup;
			children = (
				6328918A2A5C0C0000BED0C6 /* Samvadanam.app */,
				6328919A2A5C0C0100BED0C6 /* SamvadanamTests.xctest */,
				632891A42A5C0C0100BED0C6 /* SamvadanamUITests.xctest */,
			);
			name = Products;
			sourceTree = "<group>";
		};
		6328918C2A5C0C0000BED0C6 /* Samvadanam */ = {
			isa = PBXGroup;
			children = (
				6328918D2A5C0C0000BED0C6 /* SamvadanamApp.swift */,
				6328918F2A5C0C0000BED0C6 /* ContentView.swift */,
				632891912A5C0C0100BED0C6 /* Assets.xcassets */,
				632891932A5C0C0100BED0C6 /* Preview Content */,
			);
			path = Samvadanam;
			sourceTree = "<group>";
		};
		632891932A5C0C0100BED0C6 /* Preview Content */ = {
			isa = PBXGroup;
			children = (
				632891942A5C0C0100BED0C6 /* Preview Assets.xcassets */,
			);
			path = "Preview Content";
			sourceTree = "<group>";
		};
		6328919D2A5C0C0100BED0C6 /* SamvadanamTests */ = {
			isa = PBXGroup;
			children = (
				6328919E2A5C0C0100BED0C6 /* SamvadanamTests.swift */,
			);
			path = SamvadanamTests;
			sourceTree = "<group>";
		};
		632891A72A5C0C0100BED0C6 /* SamvadanamUITests */ = {
			isa = PBXGroup;
			children = (
				632891A82A5C0C0100BED0C6 /* SamvadanamUITests.swift */,
				632891AA2A5C0C0100BED0C6 /* SamvadanamUITestsLaunchTests.swift */,
			);
			path = SamvadanamUITests;
			sourceTree = "<group>";
		};
/* End PBXGroup section */

/* Begin PBXNativeTarget section */
		632891892A5C0C0000BED0C6 /* Samvadanam */ = {
			isa = PBXNativeTarget;
			buildConfigurationList = 632891AE2A5C0C0100BED0C6 /* Build configuration list for PBXNativeTarget "Samvadanam" */;
			buildPhases = (
				632891862A5C0C0000BED0C6 /* Sources */,
				632891872A5C0C0000BED0C6 /* Frameworks */,
				632891882A5C0C0000BED0C6 /* Resources */,
			);
			buildRules = (
			);
			dependencies = (
			);
			name = Samvadanam;
			productName = Samvadanam;
			productReference = 6328918A2A5C0C0000BED0C6 /* Samvadanam.app */;
			productType = "com.apple.product-type.application";
		};
		632891992A5C0C0100BED0C6 /* SamvadanamTests */ = {
			isa = PBXNativeTarget;
			buildConfigurationList = 632891B12A5C0C0100BED0C6 /* Build configuration list for PBXNativeTarget "SamvadanamTests" */;
			buildPhases = (
				632891962A5C0C0100BED0C6 /* Sources */,
				632891972A5C0C0100BED0C6 /* Frameworks */,
				632891982A5C0C0100BED0C6 /* Resources */,
			);
			buildRules = (
			);
			dependencies = (
				6328919C2A5C0C0100BED0C6 /* PBXTargetDependency */,
			);
			name = SamvadanamTests;
			productName = SamvadanamTests;
			productReference = 6328919A2A5C0C0100BED0C6 /* SamvadanamTests.xctest */;
			productType = "com.apple.product-type.bundle.unit-test";
		};
		632891A32A5C0C0100BED0C6 /* SamvadanamUITests */ = {
			isa = PBXNativeTarget;
			buildConfigurationList = 632891B42A5C0C0100BED0C6 /* Build configuration list for PBXNativeTarget "SamvadanamUITests" */;
			buildPhases = (
				632891A02A5C0C0100BED0C6 /* Sources */,
				632891A12A5C0C0100BED0C6 /* Frameworks */,
				632891A22A5C0C0100BED0C6 /* Resources */,
			);
			buildRules = (
			);
			dependencies = (
				632891A62A5C0C0100BED0C6 /* PBXTargetDependency */,
			);
			name = SamvadanamUITests;
			productName = SamvadanamUITests;
			productReference = 632891A42A5C0C0100BED0C6 /* SamvadanamUITests.xctest */;
			productType = "com.apple.product-type.bundle.ui-testing";
		};
/* End PBXNativeTarget section */

/* Begin PBXProject section */
		632891822A5C0C0000BED0C6 /* Project object */ = {
			isa = PBXProject;
			attributes = {
				BuildIndependentTargetsInParallel = 1;
				LastSwiftUpdateCheck = 1430;
				LastUpgradeCheck = 1430;
				TargetAttributes = {
					632891892A5C0C0000BED0C6 = {
						CreatedOnToolsVersion = 14.3;
					};
					632891992A5C0C0100BED0C6 = {
						CreatedOnToolsVersion = 14.3;
						TestTargetID = 632891892A5C0C0000BED0C6;
					};
					632891A32A5C0C0100BED0C6 = {
						CreatedOnToolsVersion = 14.3;
						TestTargetID = 632891892A5C0C0000BED0C6;
					};
				};
			};
			buildConfigurationList = 632891852A5C0C0000BED0C6 /* Build configuration list for PBXProject "Samvadanam" */;
			compatibilityVersion = "Xcode 14.0";
			developmentRegion = en;
			hasScannedForEncodings = 0;
			knownRegions = (
				en,
				Base,
			);
			mainGroup = 632891812A5C0C0000BED0C6;
			productRefGroup = 6328918B2A5C0C0000BED0C6 /* Products */;
			projectDirPath = "";
			projectRoot = "";
			targets = (
				632891892A5C0C0000BED0C6 /* Samvadanam */,
				632891992A5C0C0100BED0C6 /* SamvadanamTests */,
				632891A32A5C0C0100BED0C6 /* SamvadanamUITests */,
			);
		};
/* End PBXProject section */

/* Begin PBXResourcesBuildPhase section */
		632891882A5C0C0000BED0C6 /* Resources */ = {
			isa = PBXResourcesBuildPhase;
			buildActionMask = 2147483647;
			files = (
				632891952A5C0C0100BED0C6 /* Preview Assets.xcassets in Resources */,
				632891922A5C0C0100BED0C6 /* Assets.xcassets in Resources */,
			);
			runOnlyForDeploymentPostprocessing = 0;
		};
		632891982A5C0C0100BED0C6 /* Resources */ = {
			isa = PBXResourcesBuildPhase;
			buildActionMask = 2147483647;
			files = (
			);
			runOnlyForDeploymentPostprocessing = 0;
		};
		632891A22A5C0C0100BED0C6 /* Resources */ = {
			isa = PBXResourcesBuildPhase;
			buildActionMask = 2147483647;
			files = (
			);
			runOnlyForDeploymentPostprocessing = 0;
		};
/* End PBXResourcesBuildPhase section */

/* Begin PBXSourcesBuildPhase section */
		632891862A5C0C0000BED0C6 /* Sources */ = {
			isa = PBXSourcesBuildPhase;
			buildActionMask = 2147483647;
			files = (
				632891902A5C0C0000BED0C6 /* ContentView.swift in Sources */,
				6328918E2A5C0C0000BED0C6 /* SamvadanamApp.swift in Sources */,
			);
			runOnlyForDeploymentPostprocessing = 0;
		};
		632891962A5C0C0100BED0C6 /* Sources */ = {
			isa = PBXSourcesBuildPhase;
			buildActionMask = 2147483647;
			files = (
				6328919F2A5C0C0100BED0C6 /* SamvadanamTests.swift in Sources */,
			);
			runOnlyForDeploymentPostprocessing = 0;
		};
		632891A02A5C0C0100BED0C6 /* Sources */ = {
			isa = PBXSourcesBuildPhase;
			buildActionMask = 2147483647;
			files = (
				632891A92A5C0C0100BED0C6 /* SamvadanamUITests.swift in Sources */,
				632891AB2A5C0C0100BED0C6 /* SamvadanamUITestsLaunchTests.swift in Sources */,
			);
			runOnlyForDeploymentPostprocessing = 0;
		};
/* End PBXSourcesBuildPhase section */

/* Begin PBXTargetDependency section */
		6328919C2A5C0C0100BED0C6 /* PBXTargetDependency */ = {
			isa = PBXTargetDependency;
			target = 632891892A5C0C0000BED0C6 /* Samvadanam */;
			targetProxy = 6328919B2A5C0C0100BED0C6 /* PBXContainerItemProxy */;
		};
		632891A62A5C0C0100BED0C6 /* PBXTargetDependency */ = {
			isa = PBXTargetDependency;
			target = 632891892A5C0C0000BED0C6 /* Samvadanam */;
			targetProxy = 632891A52A5C0C0100BED0C6 /* PBXContainerItemProxy */;
		};
/* End PBXTargetDependency section */

/* Begin XCBuildConfiguration section */
		632891AC2A5C0C0100BED0C6 /* Debug */ = {
			isa = XCBuildConfiguration;
			buildSettings = {
				ALWAYS_SEARCH_USER_PATHS = NO;
				CLANG_ANALYZER_NONNULL = YES;
				CLANG_ANALYZER_NUMBER_OBJECT_CONVERSION = YES_AGGRESSIVE;
				CLANG_CXX_LANGUAGE_STANDARD = "gnu++20";
				CLANG_ENABLE_MODULES = YES;
				CLANG_ENABLE_OBJC_ARC = YES;
				CLANG_ENABLE_OBJC_WEAK = YES;
				CLANG_WARN_BLOCK_CAPTURE_AUTORELEASING = YES;
				CLANG_WARN_BOOL_CONVERSION = YES;
				CLANG_WARN_COMMA = YES;
				CLANG_WARN_CONSTANT_CONVERSION = YES;
				CLANG_WARN_DEPRECATED_OBJC_IMPLEMENTATIONS = YES;
				CLANG_WARN_DIRECT_OBJC_ISA_USAGE = YES_ERROR;
				CLANG_WARN_DOCUMENTATION_COMMENTS = YES;
				CLANG_WARN_EMPTY_BODY = YES;
				CLANG_WARN_ENUM_CONVERSION = YES;
				CLANG_WARN_INFINITE_RECURSION = YES;
				CLANG_WARN_INT_CONVERSION = YES;
				CLANG_WARN_NON_LITERAL_NULL_CONVERSION = YES;
				CLANG_WARN_OBJC_IMPLICIT_RETAIN_SELF = YES;
				CLANG_WARN_OBJC_LITERAL_CONVERSION = YES;
				CLANG_WARN_OBJC_ROOT_CLASS = YES_ERROR;
				CLANG_WARN_QUOTED_INCLUDE_IN_FRAMEWORK_HEADER = YES;
				CLANG_WARN_RANGE_LOOP_ANALYSIS = YES;
				CLANG_WARN_STRICT_PROTOTYPES = YES;
				CLANG_WARN_SUSPICIOUS_MOVE = YES;
				CLANG_WARN_UNGUARDED_AVAILABILITY = YES_AGGRESSIVE;
				CLANG_WARN_UNREACHABLE_CODE = YES;
				CLANG_WARN__DUPLICATE_METHOD_MATCH = YES;
				COPY_PHASE_STRIP = NO;
				DEBUG_INFORMATION_FORMAT = dwarf;
				ENABLE_STRICT_OBJC_MSGSEND = YES;
				ENABLE_TESTABILITY = YES;
				GCC_C_LANGUAGE_STANDARD = gnu11;
				GCC_DYNAMIC_NO_PIC = NO;
				GCC_NO_COMMON_BLOCKS = YES;
				GCC_OPTIMIZATION_LEVEL = 0;
				GCC_PREPROCESSOR_DEFINITIONS = (
					"DEBUG=1",
					"$(inherited)",
				);
				GCC_WARN_64_TO_32_BIT_CONVERSION = YES;
				GCC_WARN_ABOUT_RETURN_TYPE = YES_ERROR;
				GCC_WARN_UNDECLARED_SELECTOR = YES;
				GCC_WARN_UNINITIALIZED_AUTOS = YES_AGGRESSIVE;
				GCC_WARN_UNUSED_FUNCTION = YES;
				GCC_WARN_UNUSED_VARIABLE = YES;
				IPHONEOS_DEPLOYMENT_TARGET = 16.4;
				MTL_ENABLE_DEBUG_INFO = INCLUDE_SOURCE;
				MTL_FAST_MATH = YES;
				ONLY_ACTIVE_ARCH = YES;
				SDKROOT = iphoneos;
				SWIFT_ACTIVE_COMPILATION_CONDITIONS = DEBUG;
				SWIFT_OPTIMIZATION_LEVEL = "-Onone";
			};
			name = Debug;
		};
		632891AD2A5C0C0100BED0C6 /* Release */ = {
			isa = XCBuildConfiguration;
			buildSettings = {
				ALWAYS_SEARCH_USER_PATHS = NO;
				CLANG_ANALYZER_NONNULL = YES;
				CLANG_ANALYZER_NUMBER_OBJECT_CONVERSION = YES_AGGRESSIVE;
				CLANG_CXX_LANGUAGE_STANDARD = "gnu++20";
				CLANG_ENABLE_MODULES = YES;
				CLANG_ENABLE_OBJC_ARC = YES;
				CLANG_ENABLE_OBJC_WEAK = YES;
				CLANG_WARN_BLOCK_CAPTURE_AUTORELEASING = YES;
				CLANG_WARN_BOOL_CONVERSION = YES;
				CLANG_WARN_COMMA = YES;
				CLANG_WARN_CONSTANT_CONVERSION = YES;
				CLANG_WARN_DEPRECATED_OBJC_IMPLEMENTATIONS = YES;
				CLANG_WARN_DIRECT_OBJC_ISA_USAGE = YES_ERROR;
				CLANG_WARN_DOCUMENTATION_COMMENTS = YES;
				CLANG_WARN_EMPTY_BODY = YES;
				CLANG_WARN_ENUM_CONVERSION = YES;
				CLANG_WARN_INFINITE_RECURSION = YES;
				CLANG_WARN_INT_CONVERSION = YES;
				CLANG_WARN_NON_LITERAL_NULL_CONVERSION = YES;
				CLANG_WARN_OBJC_IMPLICIT_RETAIN_SELF = YES;
				CLANG_WARN_OBJC_LITERAL_CONVERSION = YES;
				CLANG_WARN_OBJC_ROOT_CLASS = YES_ERROR;
				CLANG_WARN_QUOTED_INCLUDE_IN_FRAMEWORK_HEADER = YES;
				CLANG_WARN_RANGE_LOOP_ANALYSIS = YES;
				CLANG_WARN_STRICT_PROTOTYPES = YES;
				CLANG_WARN_SUSPICIOUS_MOVE = YES;
				CLANG_WARN_UNGUARDED_AVAILABILITY = YES_AGGRESSIVE;
				CLANG_WARN_UNREACHABLE_CODE = YES;
				CLANG_WARN__DUPLICATE_METHOD_MATCH = YES;
				COPY_PHASE_STRIP = NO;
				DEBUG_INFORMATION_FORMAT = "dwarf-with-dsym";
				ENABLE_NS_ASSERTIONS = NO;
				ENABLE_STRICT_OBJC_MSGSEND = YES;
				GCC_C_LANGUAGE_STANDARD = gnu11;
				GCC_NO_COMMON_BLOCKS = YES;
				GCC_WARN_64_TO_32_BIT_CONVERSION = YES;
				GCC_WARN_ABOUT_RETURN_TYPE = YES_ERROR;
				GCC_WARN_UNDECLARED_SELECTOR = YES;
				GCC_WARN_UNINITIALIZED_AUTOS = YES_AGGRESSIVE;
				GCC_WARN_UNUSED_FUNCTION = YES;
				GCC_WARN_UNUSED_VARIABLE = YES;
				IPHONEOS_DEPLOYMENT_TARGET = 16.4;
				MTL_ENABLE_DEBUG_INFO = NO;
				MTL_FAST_MATH = YES;
				SDKROOT = iphoneos;
				SWIFT_COMPILATION_MODE = wholemodule;
				SWIFT_OPTIMIZATION_LEVEL = "-O";
				VALIDATE_PRODUCT = YES;
			};
			name = Release;
		};
		632891AF2A5C0C0100BED0C6 /* Debug */ = {
			isa = XCBuildConfiguration;
			buildSettings = {
				ASSETCATALOG_COMPILER_APPICON_NAME = AppIcon;
				ASSETCATALOG_COMPILER_GLOBAL_ACCENT_COLOR_NAME = AccentColor;
				CODE_SIGN_STYLE = Automatic;
				CURRENT_PROJECT_VERSION = 1;
				DEVELOPMENT_ASSET_PATHS = "\"Samvadanam/Preview Content\"";
				ENABLE_PREVIEWS = YES;
				GENERATE_INFOPLIST_FILE = YES;
				INFOPLIST_KEY_UIApplicationSceneManifest_Generation = YES;
				INFOPLIST_KEY_UIApplicationSupportsIndirectInputEvents = YES;
				INFOPLIST_KEY_UILaunchScreen_Generation = YES;
				INFOPLIST_KEY_UISupportedInterfaceOrientations_iPad = "UIInterfaceOrientationPortrait UIInterfaceOrientationPortraitUpsideDown UIInterfaceOrientationLandscapeLeft UIInterfaceOrientationLandscapeRight";
				INFOPLIST_KEY_UISupportedInterfaceOrientations_iPhone = "UIInterfaceOrientationPortrait UIInterfaceOrientationLandscapeLeft UIInterfaceOrientationLandscapeRight";
				LD_RUNPATH_SEARCH_PATHS = (
					"$(inherited)",
					"@executable_path/Frameworks",
				);
				MARKETING_VERSION = 1.0;
				PRODUCT_BUNDLE_IDENTIFIER = com.socket.samvadnam.Samvadanam;
				PRODUCT_NAME = "$(TARGET_NAME)";
				SWIFT_EMIT_LOC_STRINGS = YES;
				SWIFT_VERSION = 5.0;
				TARGETED_DEVICE_FAMILY = "1,2";
			};
			name = Debug;
		};
		632891B02A5C0C0100BED0C6 /* Release */ = {
			isa = XCBuildConfiguration;
			buildSettings = {
				ASSETCATALOG_COMPILER_APPICON_NAME = AppIcon;
				ASSETCATALOG_COMPILER_GLOBAL_ACCENT_COLOR_NAME = AccentColor;
				CODE_SIGN_STYLE = Automatic;
				CURRENT_PROJECT_VERSION = 1;
				DEVELOPMENT_ASSET_PATHS = "\"Samvadanam/Preview Content\"";
				ENABLE_PREVIEWS = YES;
				GENERATE_INFOPLIST_FILE = YES;
				INFOPLIST_KEY_UIApplicationSceneManifest_Generation = YES;
				INFOPLIST_KEY_UIApplicationSupportsIndirectInputEvents = YES;
				INFOPLIST_KEY_UILaunchScreen_Generation = YES;
				INFOPLIST_KEY_UISupportedInterfaceOrientations_iPad = "UIInterfaceOrientationPortrait UIInterfaceOrientationPortraitUpsideDown UIInterfaceOrientationLandscapeLeft UIInterfaceOrientationLandscapeRight";
				INFOPLIST_KEY_UISupportedInterfaceOrientations_iPhone = "UIInterfaceOrientationPortrait UIInterfaceOrientationLandscapeLeft UIInterfaceOrientationLandscapeRight";
				LD_RUNPATH_SEARCH_PATHS = (
					"$(inherited)",
					"@executable_path/Frameworks",
				);
				MARKETING_VERSION = 1.0;
				PRODUCT_BUNDLE_IDENTIFIER = com.socket.samvadnam.Samvadanam;
				PRODUCT_NAME = "$(TARGET_NAME)";
				SWIFT_EMIT_LOC_STRINGS = YES;
				SWIFT_VERSION = 5.0;
				TARGETED_DEVICE_FAMILY = "1,2";
			};
			name = Release;
		};
		632891B22A5C0C0100BED0C6 /* Debug */ = {
			isa = XCBuildConfiguration;
			buildSettings = {
				ALWAYS_EMBED_SWIFT_STANDARD_LIBRARIES = YES;
				BUNDLE_LOADER = "$(TEST_HOST)";
				CODE_SIGN_STYLE = Automatic;
				CURRENT_PROJECT_VERSION = 1;
				GENERATE_INFOPLIST_FILE = YES;
				IPHONEOS_DEPLOYMENT_TARGET = 16.4;
				MARKETING_VERSION = 1.0;
				PRODUCT_BUNDLE_IDENTIFIER = com.socket.samvadnam.SamvadanamTests;
				PRODUCT_NAME = "$(TARGET_NAME)";
				SWIFT_EMIT_LOC_STRINGS = NO;
				SWIFT_VERSION = 5.0;
				TARGETED_DEVICE_FAMILY = "1,2";
				TEST_HOST = "$(BUILT_PRODUCTS_DIR)/Samvadanam.app/$(BUNDLE_EXECUTABLE_FOLDER_PATH)/Samvadanam";
			};
			name = Debug;
		};
		632891B32A5C0C0100BED0C6 /* Release */ = {
			isa = XCBuildConfiguration;
			buildSettings = {
				ALWAYS_EMBED_SWIFT_STANDARD_LIBRARIES = YES;
				BUNDLE_LOADER = "$(TEST_HOST)";
				CODE_SIGN_STYLE = Automatic;
				CURRENT_PROJECT_VERSION = 1;
				GENERATE_INFOPLIST_FILE = YES;
				IPHONEOS_DEPLOYMENT_TARGET = 16.4;
				MARKETING_VERSION = 1.0;
				PRODUCT_BUNDLE_IDENTIFIER = com.socket.samvadnam.SamvadanamTests;
				PRODUCT_NAME = "$(TARGET_NAME)";
				SWIFT_EMIT_LOC_STRINGS = NO;
				SWIFT_VERSION = 5.0;
				TARGETED_DEVICE_FAMILY = "1,2";
				TEST_HOST = "$(BUILT_PRODUCTS_DIR)/Samvadanam.app/$(BUNDLE_EXECUTABLE_FOLDER_PATH)/Samvadanam";
			};
			name = Release;
		};
		632891B52A5C0C0100BED0C6 /* Debug */ = {
			isa = XCBuildConfiguration;
			buildSettings = {
				ALWAYS_EMBED_SWIFT_STANDARD_LIBRARIES = YES;
				CODE_SIGN_STYLE = Automatic;
				CURRENT_PROJECT_VERSION = 1;
				GENERATE_INFOPLIST_FILE = YES;
				MARKETING_VERSION = 1.0;
				PRODUCT_BUNDLE_IDENTIFIER = com.socket.samvadnam.SamvadanamUITests;
				PRODUCT_NAME = "$(TARGET_NAME)";
				SWIFT_EMIT_LOC_STRINGS = NO;
				SWIFT_VERSION = 5.0;
				TARGETED_DEVICE_FAMILY = "1,2";
				TEST_TARGET_NAME = Samvadanam;
			};
			name = Debug;
		};
		632891B62A5C0C0100BED0C6 /* Release */ = {
			isa = XCBuildConfiguration;
			buildSettings = {
				ALWAYS_EMBED_SWIFT_STANDARD_LIBRARIES = YES;
				CODE_SIGN_STYLE = Automatic;
				CURRENT_PROJECT_VERSION = 1;
				GENERATE_INFOPLIST_FILE = YES;
				MARKETING_VERSION = 1.0;
				PRODUCT_BUNDLE_IDENTIFIER = com.socket.samvadnam.SamvadanamUITests;
				PRODUCT_NAME = "$(TARGET_NAME)";
				SWIFT_EMIT_LOC_STRINGS = NO;
				SWIFT_VERSION = 5.0;
				TARGETED_DEVICE_FAMILY = "1,2";
				TEST_TARGET_NAME = Samvadanam;
			};
			name = Release;
		};
/* End XCBuildConfiguration section */

/* Begin XCConfigurationList section */
		632891852A5C0C0000BED0C6 /* Build configuration list for PBXProject "Samvadanam" */ = {
			isa = XCConfigurationList;
			buildConfigurations = (
				632891AC2A5C0C0100BED0C6 /* Debug */,
				632891AD2A5C0C0100BED0C6 /* Release */,
			);
			defaultConfigurationIsVisible = 0;
			defaultConfigurationName = Release;
		};
		632891AE2A5C0C0100BED0C6 /* Build configuration list for PBXNativeTarget "Samvadanam" */ = {
			isa = XCConfigurationList;
			buildConfigurations = (
				632891AF2A5C0C0100BED0C6 /* Debug */,
				632891B02A5C0C0100BED0C6 /* Release */,
			);
			defaultConfigurationIsVisible = 0;
			defaultConfigurationName = Release;
		};
		632891B12A5C0C0100BED0C6 /* Build configuration list for PBXNativeTarget "SamvadanamTests" */ = {
			isa = XCConfigurationList;
			buildConfigurations = (
				632891B22A5C0C0100BED0C6 /* Debug */,
				632891B32A5C0C0100BED0C6 /* Release */,
			);
			defaultConfigurationIsVisible = 0;
			defaultConfigurationName = Release;
		};
		632891B42A5C0C0100BED0C6 /* Build configuration list for PBXNativeTarget "SamvadanamUITests" */ = {
			isa = XCConfigurationList;
			buildConfigurations = (
				632891B52A5C0C0100BED0C6 /* Debug */,
				632891B62A5C0C0100BED0C6 /* Release */,
			);
			defaultConfigurationIsVisible = 0;
			defaultConfigurationName = Release;
		};
/* End XCConfigurationList section */
	};
	rootObject = 632891822A5C0C0000BED0C6 /* Project object */;
}
